
Microsoft Visual Studio Solution File, Format Version 12.00
# Visual Studio Version 17
VisualStudioVersion = 17.11.35222.181
MinimumVisualStudioVersion = 10.0.40219.1
Project("{FAE04EC0-301F-11D3-BF4B-00C04F79EFBC}") = "z4", "z4.csproj", "{56154594-9883-4958-AB49-11049141E935}"
EndProject
Global
	GlobalSection(SolutionConfigurationPlatforms) = preSolution
		Debug|Any CPU = Debug|Any CPU
		Release|Any CPU = Release|Any CPU
	EndGlobalSection
	GlobalSection(ProjectConfigurationPlatforms) = postSolution
		{56154594-9883-4958-AB49-11049141E935}.Debug|Any CPU.ActiveCfg = Debug|Any CPU
		{56154594-9883-4958-AB49-11049141E935}.Debug|Any CPU.Build.0 = Debug|Any CPU
		{56154594-9883-4958-AB49-11049141E935}.Release|Any CPU.ActiveCfg = Release|Any CPU
		{56154594-9883-4958-AB49-11049141E935}.Release|Any CPU.Build.0 = Release|Any CPU
	EndGlobalSection
	GlobalSection(SolutionProperties) = preSolution
		HideSolutionNode = FALSE
	EndGlobalSection
	GlobalSection(ExtensibilityGlobals) = postSolution
		SolutionGuid = {296732F8-1864-41E9-B0CE-334D1AACE0EE}
	EndGlobalSection
EndGlobal
