
Microsoft Visual Studio Solution File, Format Version 12.00
# Visual Studio Version 17
VisualStudioVersion = 17.11.35222.181
MinimumVisualStudioVersion = 10.0.40219.1
Project("{FAE04EC0-301F-11D3-BF4B-00C04F79EFBC}") = "z10", "z10.csproj", "{CC71701D-4123-4853-BFE7-F1900D787952}"
EndProject
Global
	GlobalSection(SolutionConfigurationPlatforms) = preSolution
		Debug|Any CPU = Debug|Any CPU
		Release|Any CPU = Release|Any CPU
	EndGlobalSection
	GlobalSection(ProjectConfigurationPlatforms) = postSolution
		{CC71701D-4123-4853-BFE7-F1900D787952}.Debug|Any CPU.ActiveCfg = Debug|Any CPU
		{CC71701D-4123-4853-BFE7-F1900D787952}.Debug|Any CPU.Build.0 = Debug|Any CPU
		{CC71701D-4123-4853-BFE7-F1900D787952}.Release|Any CPU.ActiveCfg = Release|Any CPU
		{CC71701D-4123-4853-BFE7-F1900D787952}.Release|Any CPU.Build.0 = Release|Any CPU
	EndGlobalSection
	GlobalSection(SolutionProperties) = preSolution
		HideSolutionNode = FALSE
	EndGlobalSection
	GlobalSection(ExtensibilityGlobals) = postSolution
		SolutionGuid = {3BDEE342-6BFA-410E-8351-6F30C61B92A3}
	EndGlobalSection
EndGlobal
