
Microsoft Visual Studio Solution File, Format Version 12.00
# Visual Studio Version 17
VisualStudioVersion = 17.11.35222.181
MinimumVisualStudioVersion = 10.0.40219.1
Project("{FAE04EC0-301F-11D3-BF4B-00C04F79EFBC}") = "1", "1.csproj", "{F14FC363-71CA-4F16-92E6-DB302723D8DC}"
EndProject
Global
	GlobalSection(SolutionConfigurationPlatforms) = preSolution
		Debug|Any CPU = Debug|Any CPU
		Release|Any CPU = Release|Any CPU
	EndGlobalSection
	GlobalSection(ProjectConfigurationPlatforms) = postSolution
		{F14FC363-71CA-4F16-92E6-DB302723D8DC}.Debug|Any CPU.ActiveCfg = Debug|Any CPU
		{F14FC363-71CA-4F16-92E6-DB302723D8DC}.Debug|Any CPU.Build.0 = Debug|Any CPU
		{F14FC363-71CA-4F16-92E6-DB302723D8DC}.Release|Any CPU.ActiveCfg = Release|Any CPU
		{F14FC363-71CA-4F16-92E6-DB302723D8DC}.Release|Any CPU.Build.0 = Release|Any CPU
	EndGlobalSection
	GlobalSection(SolutionProperties) = preSolution
		HideSolutionNode = FALSE
	EndGlobalSection
	GlobalSection(ExtensibilityGlobals) = postSolution
		SolutionGuid = {6A6B464A-E7E1-4E0F-AC50-FE982DFC9282}
	EndGlobalSection
EndGlobal
