
Microsoft Visual Studio Solution File, Format Version 12.00
# Visual Studio Version 17
VisualStudioVersion = 17.11.35222.181
MinimumVisualStudioVersion = 10.0.40219.1
Project("{FAE04EC0-301F-11D3-BF4B-00C04F79EFBC}") = "TriangleRectangleLibrary", "TriangleRectangleLibrary.csproj", "{6565B9A7-511A-41D0-A6AD-2A2DA17D8EAB}"
EndProject
Global
	GlobalSection(SolutionConfigurationPlatforms) = preSolution
		Debug|Any CPU = Debug|Any CPU
		Release|Any CPU = Release|Any CPU
	EndGlobalSection
	GlobalSection(ProjectConfigurationPlatforms) = postSolution
		{6565B9A7-511A-41D0-A6AD-2A2DA17D8EAB}.Debug|Any CPU.ActiveCfg = Debug|Any CPU
		{6565B9A7-511A-41D0-A6AD-2A2DA17D8EAB}.Debug|Any CPU.Build.0 = Debug|Any CPU
		{6565B9A7-511A-41D0-A6AD-2A2DA17D8EAB}.Release|Any CPU.ActiveCfg = Release|Any CPU
		{6565B9A7-511A-41D0-A6AD-2A2DA17D8EAB}.Release|Any CPU.Build.0 = Release|Any CPU
	EndGlobalSection
	GlobalSection(SolutionProperties) = preSolution
		HideSolutionNode = FALSE
	EndGlobalSection
	GlobalSection(ExtensibilityGlobals) = postSolution
		SolutionGuid = {04829DAB-45B5-48FF-A6F0-05FB8F96D903}
	EndGlobalSection
EndGlobal
