
Microsoft Visual Studio Solution File, Format Version 12.00
# Visual Studio Version 17
VisualStudioVersion = 17.11.35222.181
MinimumVisualStudioVersion = 10.0.40219.1
Project("{FAE04EC0-301F-11D3-BF4B-00C04F79EFBC}") = "z1", "z1.csproj", "{F15D8450-91F9-4ABA-AA7A-6C534BB3D758}"
EndProject
Global
	GlobalSection(SolutionConfigurationPlatforms) = preSolution
		Debug|Any CPU = Debug|Any CPU
		Release|Any CPU = Release|Any CPU
	EndGlobalSection
	GlobalSection(ProjectConfigurationPlatforms) = postSolution
		{F15D8450-91F9-4ABA-AA7A-6C534BB3D758}.Debug|Any CPU.ActiveCfg = Debug|Any CPU
		{F15D8450-91F9-4ABA-AA7A-6C534BB3D758}.Debug|Any CPU.Build.0 = Debug|Any CPU
		{F15D8450-91F9-4ABA-AA7A-6C534BB3D758}.Release|Any CPU.ActiveCfg = Release|Any CPU
		{F15D8450-91F9-4ABA-AA7A-6C534BB3D758}.Release|Any CPU.Build.0 = Release|Any CPU
	EndGlobalSection
	GlobalSection(SolutionProperties) = preSolution
		HideSolutionNode = FALSE
	EndGlobalSection
	GlobalSection(ExtensibilityGlobals) = postSolution
		SolutionGuid = {FF9FD125-A60A-4DE0-8752-6074A6972FCB}
	EndGlobalSection
EndGlobal
