
Microsoft Visual Studio Solution File, Format Version 12.00
# Visual Studio Version 17
VisualStudioVersion = 17.11.35222.181
MinimumVisualStudioVersion = 10.0.40219.1
Project("{FAE04EC0-301F-11D3-BF4B-00C04F79EFBC}") = "z3", "z3.csproj", "{946AFD23-7503-4B23-B35F-0460B1C17DDB}"
EndProject
Global
	GlobalSection(SolutionConfigurationPlatforms) = preSolution
		Debug|Any CPU = Debug|Any CPU
		Release|Any CPU = Release|Any CPU
	EndGlobalSection
	GlobalSection(ProjectConfigurationPlatforms) = postSolution
		{946AFD23-7503-4B23-B35F-0460B1C17DDB}.Debug|Any CPU.ActiveCfg = Debug|Any CPU
		{946AFD23-7503-4B23-B35F-0460B1C17DDB}.Debug|Any CPU.Build.0 = Debug|Any CPU
		{946AFD23-7503-4B23-B35F-0460B1C17DDB}.Release|Any CPU.ActiveCfg = Release|Any CPU
		{946AFD23-7503-4B23-B35F-0460B1C17DDB}.Release|Any CPU.Build.0 = Release|Any CPU
	EndGlobalSection
	GlobalSection(SolutionProperties) = preSolution
		HideSolutionNode = FALSE
	EndGlobalSection
	GlobalSection(ExtensibilityGlobals) = postSolution
		SolutionGuid = {01441DED-CF59-44C6-88B1-14311D78FC05}
	EndGlobalSection
EndGlobal
