
Microsoft Visual Studio Solution File, Format Version 12.00
# Visual Studio Version 17
VisualStudioVersion = 17.11.35222.181
MinimumVisualStudioVersion = 10.0.40219.1
Project("{FAE04EC0-301F-11D3-BF4B-00C04F79EFBC}") = "z3", "z3.csproj", "{AA9A82C3-8A59-42F8-B056-3E5B651AD9B5}"
EndProject
Global
	GlobalSection(SolutionConfigurationPlatforms) = preSolution
		Debug|Any CPU = Debug|Any CPU
		Release|Any CPU = Release|Any CPU
	EndGlobalSection
	GlobalSection(ProjectConfigurationPlatforms) = postSolution
		{AA9A82C3-8A59-42F8-B056-3E5B651AD9B5}.Debug|Any CPU.ActiveCfg = Debug|Any CPU
		{AA9A82C3-8A59-42F8-B056-3E5B651AD9B5}.Debug|Any CPU.Build.0 = Debug|Any CPU
		{AA9A82C3-8A59-42F8-B056-3E5B651AD9B5}.Release|Any CPU.ActiveCfg = Release|Any CPU
		{AA9A82C3-8A59-42F8-B056-3E5B651AD9B5}.Release|Any CPU.Build.0 = Release|Any CPU
	EndGlobalSection
	GlobalSection(SolutionProperties) = preSolution
		HideSolutionNode = FALSE
	EndGlobalSection
	GlobalSection(ExtensibilityGlobals) = postSolution
		SolutionGuid = {D86D470D-F8EB-4846-ADD0-D062786647F4}
	EndGlobalSection
EndGlobal
