
Microsoft Visual Studio Solution File, Format Version 12.00
# Visual Studio Version 17
VisualStudioVersion = 17.11.35222.181
MinimumVisualStudioVersion = 10.0.40219.1
Project("{FAE04EC0-301F-11D3-BF4B-00C04F79EFBC}") = "z9", "z9.csproj", "{308CE11C-3C2A-4C0C-9DBB-A3E64CB9F8EA}"
EndProject
Global
	GlobalSection(SolutionConfigurationPlatforms) = preSolution
		Debug|Any CPU = Debug|Any CPU
		Release|Any CPU = Release|Any CPU
	EndGlobalSection
	GlobalSection(ProjectConfigurationPlatforms) = postSolution
		{308CE11C-3C2A-4C0C-9DBB-A3E64CB9F8EA}.Debug|Any CPU.ActiveCfg = Debug|Any CPU
		{308CE11C-3C2A-4C0C-9DBB-A3E64CB9F8EA}.Debug|Any CPU.Build.0 = Debug|Any CPU
		{308CE11C-3C2A-4C0C-9DBB-A3E64CB9F8EA}.Release|Any CPU.ActiveCfg = Release|Any CPU
		{308CE11C-3C2A-4C0C-9DBB-A3E64CB9F8EA}.Release|Any CPU.Build.0 = Release|Any CPU
	EndGlobalSection
	GlobalSection(SolutionProperties) = preSolution
		HideSolutionNode = FALSE
	EndGlobalSection
	GlobalSection(ExtensibilityGlobals) = postSolution
		SolutionGuid = {08110D7E-27C2-4A1A-9003-72D26E12061D}
	EndGlobalSection
EndGlobal
