
Microsoft Visual Studio Solution File, Format Version 12.00
# Visual Studio Version 17
VisualStudioVersion = 17.11.35222.181
MinimumVisualStudioVersion = 10.0.40219.1
Project("{FAE04EC0-301F-11D3-BF4B-00C04F79EFBC}") = "z4", "z4.csproj", "{3AC7555F-53D1-4C63-BE43-EEB30A7AA089}"
EndProject
Global
	GlobalSection(SolutionConfigurationPlatforms) = preSolution
		Debug|Any CPU = Debug|Any CPU
		Release|Any CPU = Release|Any CPU
	EndGlobalSection
	GlobalSection(ProjectConfigurationPlatforms) = postSolution
		{3AC7555F-53D1-4C63-BE43-EEB30A7AA089}.Debug|Any CPU.ActiveCfg = Debug|Any CPU
		{3AC7555F-53D1-4C63-BE43-EEB30A7AA089}.Debug|Any CPU.Build.0 = Debug|Any CPU
		{3AC7555F-53D1-4C63-BE43-EEB30A7AA089}.Release|Any CPU.ActiveCfg = Release|Any CPU
		{3AC7555F-53D1-4C63-BE43-EEB30A7AA089}.Release|Any CPU.Build.0 = Release|Any CPU
	EndGlobalSection
	GlobalSection(SolutionProperties) = preSolution
		HideSolutionNode = FALSE
	EndGlobalSection
	GlobalSection(ExtensibilityGlobals) = postSolution
		SolutionGuid = {2119D0A9-1461-4F2A-A396-8EBC0BF9C73F}
	EndGlobalSection
EndGlobal
