
Microsoft Visual Studio Solution File, Format Version 12.00
# Visual Studio Version 17
VisualStudioVersion = 17.11.35222.181
MinimumVisualStudioVersion = 10.0.40219.1
Project("{FAE04EC0-301F-11D3-BF4B-00C04F79EFBC}") = "z1", "z1.csproj", "{B1825B98-93C3-4D77-A30F-24E236E66E3B}"
EndProject
Global
	GlobalSection(SolutionConfigurationPlatforms) = preSolution
		Debug|Any CPU = Debug|Any CPU
		Release|Any CPU = Release|Any CPU
	EndGlobalSection
	GlobalSection(ProjectConfigurationPlatforms) = postSolution
		{B1825B98-93C3-4D77-A30F-24E236E66E3B}.Debug|Any CPU.ActiveCfg = Debug|Any CPU
		{B1825B98-93C3-4D77-A30F-24E236E66E3B}.Debug|Any CPU.Build.0 = Debug|Any CPU
		{B1825B98-93C3-4D77-A30F-24E236E66E3B}.Release|Any CPU.ActiveCfg = Release|Any CPU
		{B1825B98-93C3-4D77-A30F-24E236E66E3B}.Release|Any CPU.Build.0 = Release|Any CPU
	EndGlobalSection
	GlobalSection(SolutionProperties) = preSolution
		HideSolutionNode = FALSE
	EndGlobalSection
	GlobalSection(ExtensibilityGlobals) = postSolution
		SolutionGuid = {69C0D492-DE2C-417C-8E14-8B3C41E7A41B}
	EndGlobalSection
EndGlobal
