
Microsoft Visual Studio Solution File, Format Version 12.00
# Visual Studio Version 17
VisualStudioVersion = 17.11.35222.181
MinimumVisualStudioVersion = 10.0.40219.1
Project("{FAE04EC0-301F-11D3-BF4B-00C04F79EFBC}") = "z3", "z3.csproj", "{3ABAF149-EFA3-4961-A586-7E925C7DBC56}"
EndProject
Global
	GlobalSection(SolutionConfigurationPlatforms) = preSolution
		Debug|Any CPU = Debug|Any CPU
		Release|Any CPU = Release|Any CPU
	EndGlobalSection
	GlobalSection(ProjectConfigurationPlatforms) = postSolution
		{3ABAF149-EFA3-4961-A586-7E925C7DBC56}.Debug|Any CPU.ActiveCfg = Debug|Any CPU
		{3ABAF149-EFA3-4961-A586-7E925C7DBC56}.Debug|Any CPU.Build.0 = Debug|Any CPU
		{3ABAF149-EFA3-4961-A586-7E925C7DBC56}.Release|Any CPU.ActiveCfg = Release|Any CPU
		{3ABAF149-EFA3-4961-A586-7E925C7DBC56}.Release|Any CPU.Build.0 = Release|Any CPU
	EndGlobalSection
	GlobalSection(SolutionProperties) = preSolution
		HideSolutionNode = FALSE
	EndGlobalSection
	GlobalSection(ExtensibilityGlobals) = postSolution
		SolutionGuid = {389C08E9-D104-43E8-8BD5-EB0161811D5D}
	EndGlobalSection
EndGlobal
