
Microsoft Visual Studio Solution File, Format Version 12.00
# Visual Studio Version 17
VisualStudioVersion = 17.11.35222.181
MinimumVisualStudioVersion = 10.0.40219.1
Project("{FAE04EC0-301F-11D3-BF4B-00C04F79EFBC}") = "z2", "z2.csproj", "{2FCE0265-B2A9-4360-A01D-7CEFC8C783CC}"
EndProject
Global
	GlobalSection(SolutionConfigurationPlatforms) = preSolution
		Debug|Any CPU = Debug|Any CPU
		Release|Any CPU = Release|Any CPU
	EndGlobalSection
	GlobalSection(ProjectConfigurationPlatforms) = postSolution
		{2FCE0265-B2A9-4360-A01D-7CEFC8C783CC}.Debug|Any CPU.ActiveCfg = Debug|Any CPU
		{2FCE0265-B2A9-4360-A01D-7CEFC8C783CC}.Debug|Any CPU.Build.0 = Debug|Any CPU
		{2FCE0265-B2A9-4360-A01D-7CEFC8C783CC}.Release|Any CPU.ActiveCfg = Release|Any CPU
		{2FCE0265-B2A9-4360-A01D-7CEFC8C783CC}.Release|Any CPU.Build.0 = Release|Any CPU
	EndGlobalSection
	GlobalSection(SolutionProperties) = preSolution
		HideSolutionNode = FALSE
	EndGlobalSection
	GlobalSection(ExtensibilityGlobals) = postSolution
		SolutionGuid = {633D7EE6-AAC9-414D-9463-CB3446422298}
	EndGlobalSection
EndGlobal
