
Microsoft Visual Studio Solution File, Format Version 12.00
# Visual Studio Version 17
VisualStudioVersion = 17.11.35222.181
MinimumVisualStudioVersion = 10.0.40219.1
Project("{FAE04EC0-301F-11D3-BF4B-00C04F79EFBC}") = "z1", "z1.csproj", "{8E573C88-37AE-4C35-8E82-88E674F8501A}"
EndProject
Global
	GlobalSection(SolutionConfigurationPlatforms) = preSolution
		Debug|Any CPU = Debug|Any CPU
		Release|Any CPU = Release|Any CPU
	EndGlobalSection
	GlobalSection(ProjectConfigurationPlatforms) = postSolution
		{8E573C88-37AE-4C35-8E82-88E674F8501A}.Debug|Any CPU.ActiveCfg = Debug|Any CPU
		{8E573C88-37AE-4C35-8E82-88E674F8501A}.Debug|Any CPU.Build.0 = Debug|Any CPU
		{8E573C88-37AE-4C35-8E82-88E674F8501A}.Release|Any CPU.ActiveCfg = Release|Any CPU
		{8E573C88-37AE-4C35-8E82-88E674F8501A}.Release|Any CPU.Build.0 = Release|Any CPU
	EndGlobalSection
	GlobalSection(SolutionProperties) = preSolution
		HideSolutionNode = FALSE
	EndGlobalSection
	GlobalSection(ExtensibilityGlobals) = postSolution
		SolutionGuid = {CB37EE2A-E485-4177-8CAC-DA9DE74D0CD0}
	EndGlobalSection
EndGlobal
