
Microsoft Visual Studio Solution File, Format Version 12.00
# Visual Studio Version 17
VisualStudioVersion = 17.11.35222.181
MinimumVisualStudioVersion = 10.0.40219.1
Project("{FAE04EC0-301F-11D3-BF4B-00C04F79EFBC}") = "z4", "z4.csproj", "{31A5245C-3BCC-45B9-9CA0-83C4648F0306}"
EndProject
Global
	GlobalSection(SolutionConfigurationPlatforms) = preSolution
		Debug|Any CPU = Debug|Any CPU
		Release|Any CPU = Release|Any CPU
	EndGlobalSection
	GlobalSection(ProjectConfigurationPlatforms) = postSolution
		{31A5245C-3BCC-45B9-9CA0-83C4648F0306}.Debug|Any CPU.ActiveCfg = Debug|Any CPU
		{31A5245C-3BCC-45B9-9CA0-83C4648F0306}.Debug|Any CPU.Build.0 = Debug|Any CPU
		{31A5245C-3BCC-45B9-9CA0-83C4648F0306}.Release|Any CPU.ActiveCfg = Release|Any CPU
		{31A5245C-3BCC-45B9-9CA0-83C4648F0306}.Release|Any CPU.Build.0 = Release|Any CPU
	EndGlobalSection
	GlobalSection(SolutionProperties) = preSolution
		HideSolutionNode = FALSE
	EndGlobalSection
	GlobalSection(ExtensibilityGlobals) = postSolution
		SolutionGuid = {A9D1A8F6-C2A2-4314-83DC-7636025BFBC5}
	EndGlobalSection
EndGlobal
